
Microsoft Visual Studio Solution File, Format Version 12.00
# Visual Studio Version 17
VisualStudioVersion = 17.11.35219.272
MinimumVisualStudioVersion = 10.0.40219.1
Project("{888888A0-9F3D-457C-B088-3A5042F75D52}") = "Prime-Number-Checker", "Prime-Number-Checker\Prime-Number-Checker.pyproj", "{C80DE01D-3736-41DF-B9B3-203DA241E1A5}"
EndProject
Global
	GlobalSection(SolutionConfigurationPlatforms) = preSolution
		Debug|Any CPU = Debug|Any CPU
		Release|Any CPU = Release|Any CPU
	EndGlobalSection
	GlobalSection(ProjectConfigurationPlatforms) = postSolution
		{C80DE01D-3736-41DF-B9B3-203DA241E1A5}.Debug|Any CPU.ActiveCfg = Debug|Any CPU
		{C80DE01D-3736-41DF-B9B3-203DA241E1A5}.Release|Any CPU.ActiveCfg = Release|Any CPU
	EndGlobalSection
	GlobalSection(SolutionProperties) = preSolution
		HideSolutionNode = FALSE
	EndGlobalSection
	GlobalSection(ExtensibilityGlobals) = postSolution
		SolutionGuid = {F98E814D-C064-4F2A-8C95-FE4A18B68286}
	EndGlobalSection
EndGlobal
